
Microsoft Visual Studio Solution File, Format Version 12.00
# Visual Studio Version 16
VisualStudioVersion = 16.0.29123.88
MinimumVisualStudioVersion = 10.0.40219.1
Project("{9A19103F-16F7-4668-BE54-9A1E7A4F7556}") = "MobileApp", "MobileApp\MobileApp.csproj", "{4D2BE94B-1826-4305-8974-6B576BF14364}"
EndProject
Project("{FAE04EC0-301F-11D3-BF4B-00C04F79EFBC}") = "MobileApp.Android", "MobileApp.Android\MobileApp.Android.csproj", "{BE42923E-12DA-4566-A79E-4920399B008D}"
EndProject
Project("{FAE04EC0-301F-11D3-BF4B-00C04F79EFBC}") = "MobileApp.iOS", "MobileApp.iOS\MobileApp.iOS.csproj", "{D47B3224-ABE2-4D6A-A0C2-EF19F8C59AD3}"
EndProject
Global
	GlobalSection(SolutionConfigurationPlatforms) = preSolution
		Ad-Hoc|Any CPU = Ad-Hoc|Any CPU
		Ad-Hoc|iPhone = Ad-Hoc|iPhone
		Ad-Hoc|iPhoneSimulator = Ad-Hoc|iPhoneSimulator
		AppStore|Any CPU = AppStore|Any CPU
		AppStore|iPhone = AppStore|iPhone
		AppStore|iPhoneSimulator = AppStore|iPhoneSimulator
		Debug|Any CPU = Debug|Any CPU
		Debug|iPhone = Debug|iPhone
		Debug|iPhoneSimulator = Debug|iPhoneSimulator
		Release|Any CPU = Release|Any CPU
		Release|iPhone = Release|iPhone
		Release|iPhoneSimulator = Release|iPhoneSimulator
	EndGlobalSection
	GlobalSection(ProjectConfigurationPlatforms) = postSolution
		{4D2BE94B-1826-4305-8974-6B576BF14364}.Ad-Hoc|Any CPU.ActiveCfg = Debug|Any CPU
		{4D2BE94B-1826-4305-8974-6B576BF14364}.Ad-Hoc|Any CPU.Build.0 = Debug|Any CPU
		{4D2BE94B-1826-4305-8974-6B576BF14364}.Ad-Hoc|iPhone.ActiveCfg = Debug|Any CPU
		{4D2BE94B-1826-4305-8974-6B576BF14364}.Ad-Hoc|iPhone.Build.0 = Debug|Any CPU
		{4D2BE94B-1826-4305-8974-6B576BF14364}.Ad-Hoc|iPhoneSimulator.ActiveCfg = Debug|Any CPU
		{4D2BE94B-1826-4305-8974-6B576BF14364}.Ad-Hoc|iPhoneSimulator.Build.0 = Debug|Any CPU
		{4D2BE94B-1826-4305-8974-6B576BF14364}.AppStore|Any CPU.ActiveCfg = Debug|Any CPU
		{4D2BE94B-1826-4305-8974-6B576BF14364}.AppStore|Any CPU.Build.0 = Debug|Any CPU
		{4D2BE94B-1826-4305-8974-6B576BF14364}.AppStore|iPhone.ActiveCfg = Debug|Any CPU
		{4D2BE94B-1826-4305-8974-6B576BF14364}.AppStore|iPhone.Build.0 = Debug|Any CPU
		{4D2BE94B-1826-4305-8974-6B576BF14364}.AppStore|iPhoneSimulator.ActiveCfg = Debug|Any CPU
		{4D2BE94B-1826-4305-8974-6B576BF14364}.AppStore|iPhoneSimulator.Build.0 = Debug|Any CPU
		{4D2BE94B-1826-4305-8974-6B576BF14364}.Debug|Any CPU.ActiveCfg = Debug|Any CPU
		{4D2BE94B-1826-4305-8974-6B576BF14364}.Debug|Any CPU.Build.0 = Debug|Any CPU
		{4D2BE94B-1826-4305-8974-6B576BF14364}.Debug|iPhone.ActiveCfg = Debug|Any CPU
		{4D2BE94B-1826-4305-8974-6B576BF14364}.Debug|iPhone.Build.0 = Debug|Any CPU
		{4D2BE94B-1826-4305-8974-6B576BF14364}.Debug|iPhoneSimulator.ActiveCfg = Debug|Any CPU
		{4D2BE94B-1826-4305-8974-6B576BF14364}.Debug|iPhoneSimulator.Build.0 = Debug|Any CPU
		{4D2BE94B-1826-4305-8974-6B576BF14364}.Release|Any CPU.ActiveCfg = Release|Any CPU
		{4D2BE94B-1826-4305-8974-6B576BF14364}.Release|Any CPU.Build.0 = Release|Any CPU
		{4D2BE94B-1826-4305-8974-6B576BF14364}.Release|iPhone.ActiveCfg = Release|Any CPU
		{4D2BE94B-1826-4305-8974-6B576BF14364}.Release|iPhone.Build.0 = Release|Any CPU
		{4D2BE94B-1826-4305-8974-6B576BF14364}.Release|iPhoneSimulator.ActiveCfg = Release|Any CPU
		{4D2BE94B-1826-4305-8974-6B576BF14364}.Release|iPhoneSimulator.Build.0 = Release|Any CPU
		{BE42923E-12DA-4566-A79E-4920399B008D}.Ad-Hoc|Any CPU.ActiveCfg = Release|Any CPU
		{BE42923E-12DA-4566-A79E-4920399B008D}.Ad-Hoc|Any CPU.Build.0 = Release|Any CPU
		{BE42923E-12DA-4566-A79E-4920399B008D}.Ad-Hoc|Any CPU.Deploy.0 = Release|Any CPU
		{BE42923E-12DA-4566-A79E-4920399B008D}.Ad-Hoc|iPhone.ActiveCfg = Release|Any CPU
		{BE42923E-12DA-4566-A79E-4920399B008D}.Ad-Hoc|iPhone.Build.0 = Release|Any CPU
		{BE42923E-12DA-4566-A79E-4920399B008D}.Ad-Hoc|iPhone.Deploy.0 = Release|Any CPU
		{BE42923E-12DA-4566-A79E-4920399B008D}.Ad-Hoc|iPhoneSimulator.ActiveCfg = Release|Any CPU
		{BE42923E-12DA-4566-A79E-4920399B008D}.Ad-Hoc|iPhoneSimulator.Build.0 = Release|Any CPU
		{BE42923E-12DA-4566-A79E-4920399B008D}.Ad-Hoc|iPhoneSimulator.Deploy.0 = Release|Any CPU
		{BE42923E-12DA-4566-A79E-4920399B008D}.AppStore|Any CPU.ActiveCfg = Release|Any CPU
		{BE42923E-12DA-4566-A79E-4920399B008D}.AppStore|Any CPU.Build.0 = Release|Any CPU
		{BE42923E-12DA-4566-A79E-4920399B008D}.AppStore|Any CPU.Deploy.0 = Release|Any CPU
		{BE42923E-12DA-4566-A79E-4920399B008D}.AppStore|iPhone.ActiveCfg = Release|Any CPU
		{BE42923E-12DA-4566-A79E-4920399B008D}.AppStore|iPhone.Build.0 = Release|Any CPU
		{BE42923E-12DA-4566-A79E-4920399B008D}.AppStore|iPhone.Deploy.0 = Release|Any CPU
		{BE42923E-12DA-4566-A79E-4920399B008D}.AppStore|iPhoneSimulator.ActiveCfg = Release|Any CPU
		{BE42923E-12DA-4566-A79E-4920399B008D}.AppStore|iPhoneSimulator.Build.0 = Release|Any CPU
		{BE42923E-12DA-4566-A79E-4920399B008D}.AppStore|iPhoneSimulator.Deploy.0 = Release|Any CPU
		{BE42923E-12DA-4566-A79E-4920399B008D}.Debug|Any CPU.ActiveCfg = Debug|Any CPU
		{BE42923E-12DA-4566-A79E-4920399B008D}.Debug|Any CPU.Build.0 = Debug|Any CPU
		{BE42923E-12DA-4566-A79E-4920399B008D}.Debug|Any CPU.Deploy.0 = Debug|Any CPU
		{BE42923E-12DA-4566-A79E-4920399B008D}.Debug|iPhone.ActiveCfg = Debug|Any CPU
		{BE42923E-12DA-4566-A79E-4920399B008D}.Debug|iPhone.Build.0 = Debug|Any CPU
		{BE42923E-12DA-4566-A79E-4920399B008D}.Debug|iPhone.Deploy.0 = Debug|Any CPU
		{BE42923E-12DA-4566-A79E-4920399B008D}.Debug|iPhoneSimulator.ActiveCfg = Debug|Any CPU
		{BE42923E-12DA-4566-A79E-4920399B008D}.Debug|iPhoneSimulator.Build.0 = Debug|Any CPU
		{BE42923E-12DA-4566-A79E-4920399B008D}.Debug|iPhoneSimulator.Deploy.0 = Debug|Any CPU
		{BE42923E-12DA-4566-A79E-4920399B008D}.Release|Any CPU.ActiveCfg = Release|Any CPU
		{BE42923E-12DA-4566-A79E-4920399B008D}.Release|Any CPU.Build.0 = Release|Any CPU
		{BE42923E-12DA-4566-A79E-4920399B008D}.Release|Any CPU.Deploy.0 = Release|Any CPU
		{BE42923E-12DA-4566-A79E-4920399B008D}.Release|iPhone.ActiveCfg = Release|Any CPU
		{BE42923E-12DA-4566-A79E-4920399B008D}.Release|iPhone.Build.0 = Release|Any CPU
		{BE42923E-12DA-4566-A79E-4920399B008D}.Release|iPhone.Deploy.0 = Release|Any CPU
		{BE42923E-12DA-4566-A79E-4920399B008D}.Release|iPhoneSimulator.ActiveCfg = Release|Any CPU
		{BE42923E-12DA-4566-A79E-4920399B008D}.Release|iPhoneSimulator.Build.0 = Release|Any CPU
		{BE42923E-12DA-4566-A79E-4920399B008D}.Release|iPhoneSimulator.Deploy.0 = Release|Any CPU
		{D47B3224-ABE2-4D6A-A0C2-EF19F8C59AD3}.Ad-Hoc|Any CPU.ActiveCfg = Ad-Hoc|iPhone
		{D47B3224-ABE2-4D6A-A0C2-EF19F8C59AD3}.Ad-Hoc|iPhone.ActiveCfg = Ad-Hoc|iPhone
		{D47B3224-ABE2-4D6A-A0C2-EF19F8C59AD3}.Ad-Hoc|iPhone.Build.0 = Ad-Hoc|iPhone
		{D47B3224-ABE2-4D6A-A0C2-EF19F8C59AD3}.Ad-Hoc|iPhoneSimulator.ActiveCfg = Ad-Hoc|iPhoneSimulator
		{D47B3224-ABE2-4D6A-A0C2-EF19F8C59AD3}.Ad-Hoc|iPhoneSimulator.Build.0 = Ad-Hoc|iPhoneSimulator
		{D47B3224-ABE2-4D6A-A0C2-EF19F8C59AD3}.AppStore|Any CPU.ActiveCfg = AppStore|iPhone
		{D47B3224-ABE2-4D6A-A0C2-EF19F8C59AD3}.AppStore|iPhone.ActiveCfg = AppStore|iPhone
		{D47B3224-ABE2-4D6A-A0C2-EF19F8C59AD3}.AppStore|iPhone.Build.0 = AppStore|iPhone
		{D47B3224-ABE2-4D6A-A0C2-EF19F8C59AD3}.AppStore|iPhoneSimulator.ActiveCfg = AppStore|iPhoneSimulator
		{D47B3224-ABE2-4D6A-A0C2-EF19F8C59AD3}.AppStore|iPhoneSimulator.Build.0 = AppStore|iPhoneSimulator
		{D47B3224-ABE2-4D6A-A0C2-EF19F8C59AD3}.Debug|Any CPU.ActiveCfg = Debug|iPhone
		{D47B3224-ABE2-4D6A-A0C2-EF19F8C59AD3}.Debug|iPhone.ActiveCfg = Debug|iPhone
		{D47B3224-ABE2-4D6A-A0C2-EF19F8C59AD3}.Debug|iPhone.Build.0 = Debug|iPhone
		{D47B3224-ABE2-4D6A-A0C2-EF19F8C59AD3}.Debug|iPhoneSimulator.ActiveCfg = Debug|iPhoneSimulator
		{D47B3224-ABE2-4D6A-A0C2-EF19F8C59AD3}.Debug|iPhoneSimulator.Build.0 = Debug|iPhoneSimulator
		{D47B3224-ABE2-4D6A-A0C2-EF19F8C59AD3}.Release|Any CPU.ActiveCfg = Release|iPhone
		{D47B3224-ABE2-4D6A-A0C2-EF19F8C59AD3}.Release|iPhone.ActiveCfg = Release|iPhone
		{D47B3224-ABE2-4D6A-A0C2-EF19F8C59AD3}.Release|iPhone.Build.0 = Release|iPhone
		{D47B3224-ABE2-4D6A-A0C2-EF19F8C59AD3}.Release|iPhoneSimulator.ActiveCfg = Release|iPhoneSimulator
		{D47B3224-ABE2-4D6A-A0C2-EF19F8C59AD3}.Release|iPhoneSimulator.Build.0 = Release|iPhoneSimulator
	EndGlobalSection
	GlobalSection(SolutionProperties) = preSolution
		HideSolutionNode = FALSE
	EndGlobalSection
	GlobalSection(ExtensibilityGlobals) = postSolution
		SolutionGuid = {A2CDCC74-6F79-4BBB-A64D-99A6D22DF8CC}
	EndGlobalSection
EndGlobal
